
Microsoft Visual Studio Solution File, Format Version 12.00
# Visual Studio Version 17
VisualStudioVersion = 17.5.33502.453
MinimumVisualStudioVersion = 10.0.40219.1
Project("{FAE04EC0-301F-11D3-BF4B-00C04F79EFBC}") = "KomunikacePomociModernichSifer", "KomunikacePomociModernichSifer.csproj", "{003DE3FA-340C-40EC-9303-DB393BECC7D2}"
EndProject
Global
	GlobalSection(SolutionConfigurationPlatforms) = preSolution
		Debug|Any CPU = Debug|Any CPU
		Release|Any CPU = Release|Any CPU
	EndGlobalSection
	GlobalSection(ProjectConfigurationPlatforms) = postSolution
		{003DE3FA-340C-40EC-9303-DB393BECC7D2}.Debug|Any CPU.ActiveCfg = Debug|Any CPU
		{003DE3FA-340C-40EC-9303-DB393BECC7D2}.Debug|Any CPU.Build.0 = Debug|Any CPU
		{003DE3FA-340C-40EC-9303-DB393BECC7D2}.Release|Any CPU.ActiveCfg = Release|Any CPU
		{003DE3FA-340C-40EC-9303-DB393BECC7D2}.Release|Any CPU.Build.0 = Release|Any CPU
	EndGlobalSection
	GlobalSection(SolutionProperties) = preSolution
		HideSolutionNode = FALSE
	EndGlobalSection
	GlobalSection(ExtensibilityGlobals) = postSolution
		SolutionGuid = {C3D13844-CC8C-41A9-A1DA-BFF49272BD97}
	EndGlobalSection
EndGlobal
